PODS:
  - Flurry-iOS-SDK/FlurrySDK (11.2.0)
  - IQKeyboardManager (6.5.6)
  - TipSee (1.4.0)

DEPENDENCIES:
  - Flurry-iOS-SDK/FlurrySDK
  - IQKeyboardManager
  - TipSee

SPEC REPOS:
  trunk:
    - Flurry-iOS-SDK
    - IQKeyboardManager
    - TipSee

SPEC CHECKSUMS:
  Flurry-iOS-SDK: 6636d30c30f12010e7c7c71d84b443416a168efc
  IQKeyboardManager: 2a6e97afdafc7becf0cb17a9a8d795e3a980717f
  TipSee: 3b3a31aaff5edd47bc6e2c5099a1cfab6ec4a920

PODFILE CHECKSUM: b5b0f95c67ab244929c4f0a42ac6eefab9e3e90d

COCOAPODS: 1.10.1
