// !$*UTF8*$!
{
	archiveVersion = 1;
	classes = {
	};
	objectVersion = 51;
	objects = {

/* Begin PBXBuildFile section */
		6AC76EE2186506BB97550A34 /* Pods_Encore.framework in Frameworks */ = {isa = PBXBuildFile; fileRef = 4564A3F33594FEA54CB312BE /* Pods_Encore.framework */; };
		7809950D25BF9BF800E539CA /* NotificationManager.swift in Sources */ = {isa = PBXBuildFile; fileRef = 7809950C25BF9BF800E539CA /* NotificationManager.swift */; };
		7838C57C25E57BCF00786E7A /* AnalyticsManager.swift in Sources */ = {isa = PBXBuildFile; fileRef = 7838C57B25E57BCF00786E7A /* AnalyticsManager.swift */; };
		78E4AFB025DAEADD000266EC /* AppStoreReviewManager.swift in Sources */ = {isa = PBXBuildFile; fileRef = 78E4AFAF25DAEADD000266EC /* AppStoreReviewManager.swift */; };
		78E6F70325DEDCB500648BB0 /* ProgressView.swift in Sources */ = {isa = PBXBuildFile; fileRef = 78E6F70225DEDCB500648BB0 /* ProgressView.swift */; };
		78E6F70625DEE6D800648BB0 /* ProgressShapeLayer.swift in Sources */ = {isa = PBXBuildFile; fileRef = 78E6F70525DEE6D800648BB0 /* ProgressShapeLayer.swift */; };
		78E6F70925DEF15A00648BB0 /* StrokeAnimation.swift in Sources */ = {isa = PBXBuildFile; fileRef = 78E6F70825DEF15A00648BB0 /* StrokeAnimation.swift */; };
		78E6F70E25DEF33800648BB0 /* CountdownViewController.swift in Sources */ = {isa = PBXBuildFile; fileRef = 78E6F70D25DEF33800648BB0 /* CountdownViewController.swift */; };
		78E6F71825E0144400648BB0 /* RotationAnimation.swift in Sources */ = {isa = PBXBuildFile; fileRef = 78E6F71725E0144400648BB0 /* RotationAnimation.swift */; };
		78E6F71B25E025D400648BB0 /* StrokeColorAnimation.swift in Sources */ = {isa = PBXBuildFile; fileRef = 78E6F71A25E025D400648BB0 /* StrokeColorAnimation.swift */; };
		78E6F71E25E02F7200648BB0 /* ScreenSizeManager.swift in Sources */ = {isa = PBXBuildFile; fileRef = 78E6F71D25E02F7200648BB0 /* ScreenSizeManager.swift */; };
		7D00DC90259474AF006965A8 /* AppDelegate.swift in Sources */ = {isa = PBXBuildFile; fileRef = 7D00DC8F259474AF006965A8 /* AppDelegate.swift */; };
		7D00DC94259474AF006965A8 /* HomeViewController.swift in Sources */ = {isa = PBXBuildFile; fileRef = 7D00DC93259474AF006965A8 /* HomeViewController.swift */; };
		7D00DC97259474AF006965A8 /* Main.storyboard in Resources */ = {isa = PBXBuildFile; fileRef = 7D00DC95259474AF006965A8 /* Main.storyboard */; };
		7D00DC99259474B1006965A8 /* Assets.xcassets in Resources */ = {isa = PBXBuildFile; fileRef = 7D00DC98259474B1006965A8 /* Assets.xcassets */; };
		7D00DC9C259474B1006965A8 /* LaunchScreen.storyboard in Resources */ = {isa = PBXBuildFile; fileRef = 7D00DC9A259474B1006965A8 /* LaunchScreen.storyboard */; };
		7D00DCA825948057006965A8 /* EncoreButton.swift in Sources */ = {isa = PBXBuildFile; fileRef = 7D00DCA725948057006965A8 /* EncoreButton.swift */; };
		7D00DCAD259483FD006965A8 /* UIColor+Extension.swift in Sources */ = {isa = PBXBuildFile; fileRef = 7D00DCAC259483FD006965A8 /* UIColor+Extension.swift */; };
		7D00DCB32594BDDB006965A8 /* PreparationViewController.swift in Sources */ = {isa = PBXBuildFile; fileRef = 7D00DCB22594BDDB006965A8 /* PreparationViewController.swift */; };
		7D0D5DE525A9707300A5E004 /* UIViewController+Extension.swift in Sources */ = {isa = PBXBuildFile; fileRef = 7D0D5DE425A9707300A5E004 /* UIViewController+Extension.swift */; };
		7D0D5DE825A977C300A5E004 /* SendFeedbackViewController.swift in Sources */ = {isa = PBXBuildFile; fileRef = 7D0D5DE725A977C300A5E004 /* SendFeedbackViewController.swift */; };
		7D0D5DEE25A9886B00A5E004 /* FeedbackTextView.swift in Sources */ = {isa = PBXBuildFile; fileRef = 7D0D5DED25A9886B00A5E004 /* FeedbackTextView.swift */; };
		7D0D5DF825AB083700A5E004 /* Walkthrough.storyboard in Resources */ = {isa = PBXBuildFile; fileRef = 7D0D5DF725AB083700A5E004 /* Walkthrough.storyboard */; };
		7D0D5DFC25AB0D2300A5E004 /* WalkthroughFirstContentViewController.swift in Sources */ = {isa = PBXBuildFile; fileRef = 7D0D5DFB25AB0D2300A5E004 /* WalkthroughFirstContentViewController.swift */; };
		7D52282A25AC8BF50053E58E /* WalkthroughContentViewController.swift in Sources */ = {isa = PBXBuildFile; fileRef = 7D52282925AC8BF50053E58E /* WalkthroughContentViewController.swift */; };
		7D68A71425970EA90073E5EE /* ModeButton.swift in Sources */ = {isa = PBXBuildFile; fileRef = 7D68A71325970EA90073E5EE /* ModeButton.swift */; };
		7D68A71F259725AE0073E5EE /* InputGoalsViewController.swift in Sources */ = {isa = PBXBuildFile; fileRef = 7D68A71E259725AE0073E5EE /* InputGoalsViewController.swift */; };
		7D68A727259728230073E5EE /* GoalCell.swift in Sources */ = {isa = PBXBuildFile; fileRef = 7D68A725259728230073E5EE /* GoalCell.swift */; };
		7D68A728259728230073E5EE /* GoalCell.xib in Resources */ = {isa = PBXBuildFile; fileRef = 7D68A726259728230073E5EE /* GoalCell.xib */; };
		7D68A72F25972F830073E5EE /* Goal.swift in Sources */ = {isa = PBXBuildFile; fileRef = 7D68A72E25972F830073E5EE /* Goal.swift */; };
		7D68A73225987EA90073E5EE /* String+Extension.swift in Sources */ = {isa = PBXBuildFile; fileRef = 7D68A73125987EA80073E5EE /* String+Extension.swift */; };
		7DA4F81C25A49C6100FE8537 /* CongratulationsViewController.swift in Sources */ = {isa = PBXBuildFile; fileRef = 7DA4F81B25A49C6100FE8537 /* CongratulationsViewController.swift */; };
		7DA4F82025A4B40000FE8537 /* GoalsReviewViewController.swift in Sources */ = {isa = PBXBuildFile; fileRef = 7DA4F81F25A4B40000FE8537 /* GoalsReviewViewController.swift */; };
		7DA4F82425A5FC4100FE8537 /* MoreViewController.swift in Sources */ = {isa = PBXBuildFile; fileRef = 7DA4F82325A5FC4100FE8537 /* MoreViewController.swift */; };
		7DA7860725AEAE6C0008DE05 /* ToolTipManager.swift in Sources */ = {isa = PBXBuildFile; fileRef = 7DA7860625AEAE6C0008DE05 /* ToolTipManager.swift */; };
		7DA7860A25AECA520008DE05 /* Metrics.swift in Sources */ = {isa = PBXBuildFile; fileRef = 7DA7860925AECA520008DE05 /* Metrics.swift */; };
		7DAD5B4C2594CF6300C902EE /* Session.swift in Sources */ = {isa = PBXBuildFile; fileRef = 7DAD5B4B2594CF6300C902EE /* Session.swift */; };
		7DAD5B4F2594CF8E00C902EE /* Stage.swift in Sources */ = {isa = PBXBuildFile; fileRef = 7DAD5B4E2594CF8E00C902EE /* Stage.swift */; };
		7DAD5B522594D04D00C902EE /* EncoreBrain.swift in Sources */ = {isa = PBXBuildFile; fileRef = 7DAD5B512594D04D00C902EE /* EncoreBrain.swift */; };
		7DAD5B582596E56E00C902EE /* Constants.swift in Sources */ = {isa = PBXBuildFile; fileRef = 7DAD5B572596E56E00C902EE /* Constants.swift */; };
		7DAD5B5D2596EC8700C902EE /* ScheduleCell.swift in Sources */ = {isa = PBXBuildFile; fileRef = 7DAD5B5B2596EC8700C902EE /* ScheduleCell.swift */; };
		7DAD5B5E2596EC8700C902EE /* ScheduleCell.xib in Resources */ = {isa = PBXBuildFile; fileRef = 7DAD5B5C2596EC8700C902EE /* ScheduleCell.xib */; };
		7DBC31D925AB202100C9F75B /* WalkthroughPageViewController.swift in Sources */ = {isa = PBXBuildFile; fileRef = 7DBC31D825AB202100C9F75B /* WalkthroughPageViewController.swift */; };
		7DBC31DC25AB298400C9F75B /* WalkthroughViewController.swift in Sources */ = {isa = PBXBuildFile; fileRef = 7DBC31DB25AB298400C9F75B /* WalkthroughViewController.swift */; };
		7DBC31E525AB5BC500C9F75B /* WalkthroughSecondContentViewController.swift in Sources */ = {isa = PBXBuildFile; fileRef = 7DBC31E425AB5BC500C9F75B /* WalkthroughSecondContentViewController.swift */; };
		7DBC31E825AB5BDB00C9F75B /* WalkthroughThirdContentViewController.swift in Sources */ = {isa = PBXBuildFile; fileRef = 7DBC31E725AB5BDB00C9F75B /* WalkthroughThirdContentViewController.swift */; };
		7DBC31EB25AB5BEE00C9F75B /* WalkthroughFourthContentViewController.swift in Sources */ = {isa = PBXBuildFile; fileRef = 7DBC31EA25AB5BEE00C9F75B /* WalkthroughFourthContentViewController.swift */; };
		7DCF0CDD259F0D1700FC25CB /* SessionViewController.swift in Sources */ = {isa = PBXBuildFile; fileRef = 7DCF0CDC259F0D1700FC25CB /* SessionViewController.swift */; };
		7DCF0CE0259F391000FC25CB /* Int+Extension.swift in Sources */ = {isa = PBXBuildFile; fileRef = 7DCF0CDF259F391000FC25CB /* Int+Extension.swift */; };
		7DCF0CE325A040B500FC25CB /* ScheduleViewController.swift in Sources */ = {isa = PBXBuildFile; fileRef = 7DCF0CE225A040B500FC25CB /* ScheduleViewController.swift */; };
		7DCF0CE725A04FFB00FC25CB /* GoalsForDayViewController.swift in Sources */ = {isa = PBXBuildFile; fileRef = 7DCF0CE625A04FFB00FC25CB /* GoalsForDayViewController.swift */; };
/* End PBXBuildFile section */

/* Begin PBXFileReference section */
		4564A3F33594FEA54CB312BE /* Pods_Encore.framework */ = {isa = PBXFileReference; explicitFileType = wrapper.framework; includeInIndex = 0; path = Pods_Encore.framework; sourceTree = BUILT_PRODUCTS_DIR; };
		6A51103068078B69D5B768D7 /* Pods-Encore.release.xcconfig */ = {isa = PBXFileReference; includeInIndex = 1; lastKnownFileType = text.xcconfig; name = "Pods-Encore.release.xcconfig"; path = "Target Support Files/Pods-Encore/Pods-Encore.release.xcconfig"; sourceTree = "<group>"; };
		70BA6D38B51870E966035059 /* Pods-Encore.debug.xcconfig */ = {isa = PBXFileReference; includeInIndex = 1; lastKnownFileType = text.xcconfig; name = "Pods-Encore.debug.xcconfig"; path = "Target Support Files/Pods-Encore/Pods-Encore.debug.xcconfig"; sourceTree = "<group>"; };
		7809950C25BF9BF800E539CA /* NotificationManager.swift */ = {isa = PBXFileReference; lastKnownFileType = sourcecode.swift; path = NotificationManager.swift; sourceTree = "<group>"; };
		7838C57B25E57BCF00786E7A /* AnalyticsManager.swift */ = {isa = PBXFileReference; lastKnownFileType = sourcecode.swift; path = AnalyticsManager.swift; sourceTree = "<group>"; };
		78E4AFAF25DAEADD000266EC /* AppStoreReviewManager.swift */ = {isa = PBXFileReference; lastKnownFileType = sourcecode.swift; path = AppStoreReviewManager.swift; sourceTree = "<group>"; };
		78E6F70225DEDCB500648BB0 /* ProgressView.swift */ = {isa = PBXFileReference; lastKnownFileType = sourcecode.swift; path = ProgressView.swift; sourceTree = "<group>"; };
		78E6F70525DEE6D800648BB0 /* ProgressShapeLayer.swift */ = {isa = PBXFileReference; lastKnownFileType = sourcecode.swift; path = ProgressShapeLayer.swift; sourceTree = "<group>"; };
		78E6F70825DEF15A00648BB0 /* StrokeAnimation.swift */ = {isa = PBXFileReference; lastKnownFileType = sourcecode.swift; path = StrokeAnimation.swift; sourceTree = "<group>"; };
		78E6F70D25DEF33800648BB0 /* CountdownViewController.swift */ = {isa = PBXFileReference; lastKnownFileType = sourcecode.swift; path = CountdownViewController.swift; sourceTree = "<group>"; };
		78E6F71725E0144400648BB0 /* RotationAnimation.swift */ = {isa = PBXFileReference; lastKnownFileType = sourcecode.swift; path = RotationAnimation.swift; sourceTree = "<group>"; };
		78E6F71A25E025D400648BB0 /* StrokeColorAnimation.swift */ = {isa = PBXFileReference; lastKnownFileType = sourcecode.swift; path = StrokeColorAnimation.swift; sourceTree = "<group>"; };
		78E6F71D25E02F7200648BB0 /* ScreenSizeManager.swift */ = {isa = PBXFileReference; lastKnownFileType = sourcecode.swift; path = ScreenSizeManager.swift; sourceTree = "<group>"; };
		7D00DC8C259474AF006965A8 /* Encore.app */ = {isa = PBXFileReference; explicitFileType = wrapper.application; includeInIndex = 0; path = Encore.app; sourceTree = BUILT_PRODUCTS_DIR; };
		7D00DC8F259474AF006965A8 /* AppDelegate.swift */ = {isa = PBXFileReference; lastKnownFileType = sourcecode.swift; path = AppDelegate.swift; sourceTree = "<group>"; };
		7D00DC93259474AF006965A8 /* HomeViewController.swift */ = {isa = PBXFileReference; lastKnownFileType = sourcecode.swift; path = HomeViewController.swift; sourceTree = "<group>"; };
		7D00DC96259474AF006965A8 /* Base */ = {isa = PBXFileReference; lastKnownFileType = file.storyboard; name = Base; path = Base.lproj/Main.storyboard; sourceTree = "<group>"; };
		7D00DC98259474B1006965A8 /* Assets.xcassets */ = {isa = PBXFileReference; lastKnownFileType = folder.assetcatalog; path = Assets.xcassets; sourceTree = "<group>"; };
		7D00DC9B259474B1006965A8 /* Base */ = {isa = PBXFileReference; lastKnownFileType = file.storyboard; name = Base; path = Base.lproj/LaunchScreen.storyboard; sourceTree = "<group>"; };
		7D00DC9D259474B1006965A8 /* Info.plist */ = {isa = PBXFileReference; lastKnownFileType = text.plist.xml; path = Info.plist; sourceTree = "<group>"; };
		7D00DCA725948057006965A8 /* EncoreButton.swift */ = {isa = PBXFileReference; lastKnownFileType = sourcecode.swift; path = EncoreButton.swift; sourceTree = "<group>"; };
		7D00DCAC259483FD006965A8 /* UIColor+Extension.swift */ = {isa = PBXFileReference; lastKnownFileType = sourcecode.swift; path = "UIColor+Extension.swift"; sourceTree = "<group>"; };
		7D00DCB22594BDDB006965A8 /* PreparationViewController.swift */ = {isa = PBXFileReference; lastKnownFileType = sourcecode.swift; path = PreparationViewController.swift; sourceTree = "<group>"; };
		7D0D5DE425A9707300A5E004 /* UIViewController+Extension.swift */ = {isa = PBXFileReference; lastKnownFileType = sourcecode.swift; path = "UIViewController+Extension.swift"; sourceTree = "<group>"; };
		7D0D5DE725A977C300A5E004 /* SendFeedbackViewController.swift */ = {isa = PBXFileReference; lastKnownFileType = sourcecode.swift; path = SendFeedbackViewController.swift; sourceTree = "<group>"; };
		7D0D5DED25A9886B00A5E004 /* FeedbackTextView.swift */ = {isa = PBXFileReference; lastKnownFileType = sourcecode.swift; path = FeedbackTextView.swift; sourceTree = "<group>"; };
		7D0D5DF725AB083700A5E004 /* Walkthrough.storyboard */ = {isa = PBXFileReference; lastKnownFileType = file.storyboard; path = Walkthrough.storyboard; sourceTree = "<group>"; };
		7D0D5DFB25AB0D2300A5E004 /* WalkthroughFirstContentViewController.swift */ = {isa = PBXFileReference; lastKnownFileType = sourcecode.swift; path = WalkthroughFirstContentViewController.swift; sourceTree = "<group>"; };
		7D52282925AC8BF50053E58E /* WalkthroughContentViewController.swift */ = {isa = PBXFileReference; lastKnownFileType = sourcecode.swift; path = WalkthroughContentViewController.swift; sourceTree = "<group>"; };
		7D68A71325970EA90073E5EE /* ModeButton.swift */ = {isa = PBXFileReference; lastKnownFileType = sourcecode.swift; path = ModeButton.swift; sourceTree = "<group>"; };
		7D68A71E259725AE0073E5EE /* InputGoalsViewController.swift */ = {isa = PBXFileReference; lastKnownFileType = sourcecode.swift; path = InputGoalsViewController.swift; sourceTree = "<group>"; };
		7D68A725259728230073E5EE /* GoalCell.swift */ = {isa = PBXFileReference; lastKnownFileType = sourcecode.swift; path = GoalCell.swift; sourceTree = "<group>"; };
		7D68A726259728230073E5EE /* GoalCell.xib */ = {isa = PBXFileReference; lastKnownFileType = file.xib; path = GoalCell.xib; sourceTree = "<group>"; };
		7D68A72E25972F830073E5EE /* Goal.swift */ = {isa = PBXFileReference; lastKnownFileType = sourcecode.swift; path = Goal.swift; sourceTree = "<group>"; };
		7D68A73125987EA80073E5EE /* String+Extension.swift */ = {isa = PBXFileReference; lastKnownFileType = sourcecode.swift; path = "String+Extension.swift"; sourceTree = "<group>"; };
		7DA4F81B25A49C6100FE8537 /* CongratulationsViewController.swift */ = {isa = PBXFileReference; lastKnownFileType = sourcecode.swift; path = CongratulationsViewController.swift; sourceTree = "<group>"; };
		7DA4F81F25A4B40000FE8537 /* GoalsReviewViewController.swift */ = {isa = PBXFileReference; lastKnownFileType = sourcecode.swift; path = GoalsReviewViewController.swift; sourceTree = "<group>"; };
		7DA4F82325A5FC4100FE8537 /* MoreViewController.swift */ = {isa = PBXFileReference; lastKnownFileType = sourcecode.swift; path = MoreViewController.swift; sourceTree = "<group>"; };
		7DA7860625AEAE6C0008DE05 /* ToolTipManager.swift */ = {isa = PBXFileReference; lastKnownFileType = sourcecode.swift; path = ToolTipManager.swift; sourceTree = "<group>"; };
		7DA7860925AECA520008DE05 /* Metrics.swift */ = {isa = PBXFileReference; lastKnownFileType = sourcecode.swift; path = Metrics.swift; sourceTree = "<group>"; };
		7DAD5B4B2594CF6300C902EE /* Session.swift */ = {isa = PBXFileReference; lastKnownFileType = sourcecode.swift; path = Session.swift; sourceTree = "<group>"; };
		7DAD5B4E2594CF8E00C902EE /* Stage.swift */ = {isa = PBXFileReference; lastKnownFileType = sourcecode.swift; path = Stage.swift; sourceTree = "<group>"; };
		7DAD5B512594D04D00C902EE /* EncoreBrain.swift */ = {isa = PBXFileReference; lastKnownFileType = sourcecode.swift; path = EncoreBrain.swift; sourceTree = "<group>"; };
		7DAD5B572596E56E00C902EE /* Constants.swift */ = {isa = PBXFileReference; lastKnownFileType = sourcecode.swift; path = Constants.swift; sourceTree = "<group>"; };
		7DAD5B5B2596EC8700C902EE /* ScheduleCell.swift */ = {isa = PBXFileReference; lastKnownFileType = sourcecode.swift; path = ScheduleCell.swift; sourceTree = "<group>"; };
		7DAD5B5C2596EC8700C902EE /* ScheduleCell.xib */ = {isa = PBXFileReference; lastKnownFileType = file.xib; path = ScheduleCell.xib; sourceTree = "<group>"; };
		7DBC31D825AB202100C9F75B /* WalkthroughPageViewController.swift */ = {isa = PBXFileReference; lastKnownFileType = sourcecode.swift; path = WalkthroughPageViewController.swift; sourceTree = "<group>"; };
		7DBC31DB25AB298400C9F75B /* WalkthroughViewController.swift */ = {isa = PBXFileReference; lastKnownFileType = sourcecode.swift; path = WalkthroughViewController.swift; sourceTree = "<group>"; };
		7DBC31E425AB5BC500C9F75B /* WalkthroughSecondContentViewController.swift */ = {isa = PBXFileReference; lastKnownFileType = sourcecode.swift; path = WalkthroughSecondContentViewController.swift; sourceTree = "<group>"; };
		7DBC31E725AB5BDB00C9F75B /* WalkthroughThirdContentViewController.swift */ = {isa = PBXFileReference; lastKnownFileType = sourcecode.swift; path = WalkthroughThirdContentViewController.swift; sourceTree = "<group>"; };
		7DBC31EA25AB5BEE00C9F75B /* WalkthroughFourthContentViewController.swift */ = {isa = PBXFileReference; lastKnownFileType = sourcecode.swift; path = WalkthroughFourthContentViewController.swift; sourceTree = "<group>"; };
		7DCF0CDC259F0D1700FC25CB /* SessionViewController.swift */ = {isa = PBXFileReference; lastKnownFileType = sourcecode.swift; path = SessionViewController.swift; sourceTree = "<group>"; };
		7DCF0CDF259F391000FC25CB /* Int+Extension.swift */ = {isa = PBXFileReference; lastKnownFileType = sourcecode.swift; path = "Int+Extension.swift"; sourceTree = "<group>"; };
		7DCF0CE225A040B500FC25CB /* ScheduleViewController.swift */ = {isa = PBXFileReference; lastKnownFileType = sourcecode.swift; path = ScheduleViewController.swift; sourceTree = "<group>"; };
		7DCF0CE625A04FFB00FC25CB /* GoalsForDayViewController.swift */ = {isa = PBXFileReference; lastKnownFileType = sourcecode.swift; path = GoalsForDayViewController.swift; sourceTree = "<group>"; };
/* End PBXFileReference section */

/* Begin PBXFrameworksBuildPhase section */
		7D00DC89259474AF006965A8 /* Frameworks */ = {
			isa = PBXFrameworksBuildPhase;
			buildActionMask = 2147483647;
			files = (
				6AC76EE2186506BB97550A34 /* Pods_Encore.framework in Frameworks */,
			);
			runOnlyForDeploymentPostprocessing = 0;
		};
/* End PBXFrameworksBuildPhase section */

/* Begin PBXGroup section */
		56330397F4476D0A94D588F3 /* Pods */ = {
			isa = PBXGroup;
			children = (
				70BA6D38B51870E966035059 /* Pods-Encore.debug.xcconfig */,
				6A51103068078B69D5B768D7 /* Pods-Encore.release.xcconfig */,
			);
			path = Pods;
			sourceTree = "<group>";
		};
		7809950A25BF9BDA00E539CA /* Managers */ = {
			isa = PBXGroup;
			children = (
				7DA7860625AEAE6C0008DE05 /* ToolTipManager.swift */,
				7809950C25BF9BF800E539CA /* NotificationManager.swift */,
				78E4AFAF25DAEADD000266EC /* AppStoreReviewManager.swift */,
				78E6F71D25E02F7200648BB0 /* ScreenSizeManager.swift */,
				7838C57B25E57BCF00786E7A /* AnalyticsManager.swift */,
			);
			path = Managers;
			sourceTree = "<group>";
		};
		78E6F70B25DEF2B300648BB0 /* Circular Indicator */ = {
			isa = PBXGroup;
			children = (
				78E6F70225DEDCB500648BB0 /* ProgressView.swift */,
				78E6F70525DEE6D800648BB0 /* ProgressShapeLayer.swift */,
				78E6F70825DEF15A00648BB0 /* StrokeAnimation.swift */,
				78E6F71725E0144400648BB0 /* RotationAnimation.swift */,
				78E6F71A25E025D400648BB0 /* StrokeColorAnimation.swift */,
			);
			path = "Circular Indicator";
			sourceTree = "<group>";
		};
		7D00DC83259474AF006965A8 = {
			isa = PBXGroup;
			children = (
				7D00DC8E259474AF006965A8 /* Encore */,
				7D00DC8D259474AF006965A8 /* Products */,
				56330397F4476D0A94D588F3 /* Pods */,
				8BB43487DC43FA3AEEF4BDE6 /* Frameworks */,
			);
			sourceTree = "<group>";
		};
		7D00DC8D259474AF006965A8 /* Products */ = {
			isa = PBXGroup;
			children = (
				7D00DC8C259474AF006965A8 /* Encore.app */,
			);
			name = Products;
			sourceTree = "<group>";
		};
		7D00DC8E259474AF006965A8 /* Encore */ = {
			isa = PBXGroup;
			children = (
				7809950A25BF9BDA00E539CA /* Managers */,
				7DAD5B562596E55A00C902EE /* Supporting Files */,
				7DAD5B4A2594CF1E00C902EE /* Models */,
				7D00DCAB259483C3006965A8 /* Extensions */,
				7D00DCA525947FFC006965A8 /* UIElements */,
				7D00DCB02594BD17006965A8 /* Controllers */,
				7D00DCB52594BDEE006965A8 /* Views */,
				7D00DC98259474B1006965A8 /* Assets.xcassets */,
				7D00DC9A259474B1006965A8 /* LaunchScreen.storyboard */,
				7D00DC9D259474B1006965A8 /* Info.plist */,
				7D00DC8F259474AF006965A8 /* AppDelegate.swift */,
			);
			path = Encore;
			sourceTree = "<group>";
		};
		7D00DCA525947FFC006965A8 /* UIElements */ = {
			isa = PBXGroup;
			children = (
				7D00DCA725948057006965A8 /* EncoreButton.swift */,
				7D68A71325970EA90073E5EE /* ModeButton.swift */,
				7D0D5DED25A9886B00A5E004 /* FeedbackTextView.swift */,
				78E6F70B25DEF2B300648BB0 /* Circular Indicator */,
			);
			path = UIElements;
			sourceTree = "<group>";
		};
		7D00DCAB259483C3006965A8 /* Extensions */ = {
			isa = PBXGroup;
			children = (
				7D00DCAC259483FD006965A8 /* UIColor+Extension.swift */,
				7D68A73125987EA80073E5EE /* String+Extension.swift */,
				7DCF0CDF259F391000FC25CB /* Int+Extension.swift */,
				7D0D5DE425A9707300A5E004 /* UIViewController+Extension.swift */,
			);
			path = Extensions;
			sourceTree = "<group>";
		};
		7D00DCB02594BD17006965A8 /* Controllers */ = {
			isa = PBXGroup;
			children = (
				7D00DC93259474AF006965A8 /* HomeViewController.swift */,
				7D00DCB22594BDDB006965A8 /* PreparationViewController.swift */,
				7D68A71E259725AE0073E5EE /* InputGoalsViewController.swift */,
				78E6F70D25DEF33800648BB0 /* CountdownViewController.swift */,
				7DCF0CDC259F0D1700FC25CB /* SessionViewController.swift */,
				7DCF0CE225A040B500FC25CB /* ScheduleViewController.swift */,
				7DCF0CE625A04FFB00FC25CB /* GoalsForDayViewController.swift */,
				7DA4F81B25A49C6100FE8537 /* CongratulationsViewController.swift */,
				7DA4F81F25A4B40000FE8537 /* GoalsReviewViewController.swift */,
				7DA4F82325A5FC4100FE8537 /* MoreViewController.swift */,
				7D0D5DE725A977C300A5E004 /* SendFeedbackViewController.swift */,
				7DBC31DF25AB5B5C00C9F75B /* Walkthrough */,
			);
			path = Controllers;
			sourceTree = "<group>";
		};
		7D00DCB52594BDEE006965A8 /* Views */ = {
			isa = PBXGroup;
			children = (
				7D00DC95259474AF006965A8 /* Main.storyboard */,
				7D0D5DF725AB083700A5E004 /* Walkthrough.storyboard */,
				7D68A724259728080073E5EE /* Goals */,
				7D68A722259728020073E5EE /* Schedule */,
			);
			path = Views;
			sourceTree = "<group>";
		};
		7D68A722259728020073E5EE /* Schedule */ = {
			isa = PBXGroup;
			children = (
				7DAD5B5B2596EC8700C902EE /* ScheduleCell.swift */,
				7DAD5B5C2596EC8700C902EE /* ScheduleCell.xib */,
			);
			path = Schedule;
			sourceTree = "<group>";
		};
		7D68A724259728080073E5EE /* Goals */ = {
			isa = PBXGroup;
			children = (
				7D68A725259728230073E5EE /* GoalCell.swift */,
				7D68A726259728230073E5EE /* GoalCell.xib */,
			);
			path = Goals;
			sourceTree = "<group>";
		};
		7DAD5B4A2594CF1E00C902EE /* Models */ = {
			isa = PBXGroup;
			children = (
				7DAD5B512594D04D00C902EE /* EncoreBrain.swift */,
				7DAD5B4B2594CF6300C902EE /* Session.swift */,
				7DAD5B4E2594CF8E00C902EE /* Stage.swift */,
				7D68A72E25972F830073E5EE /* Goal.swift */,
			);
			path = Models;
			sourceTree = "<group>";
		};
		7DAD5B562596E55A00C902EE /* Supporting Files */ = {
			isa = PBXGroup;
			children = (
				7DAD5B572596E56E00C902EE /* Constants.swift */,
				7DA7860925AECA520008DE05 /* Metrics.swift */,
			);
			path = "Supporting Files";
			sourceTree = "<group>";
		};
		7DBC31DF25AB5B5C00C9F75B /* Walkthrough */ = {
			isa = PBXGroup;
			children = (
				7DBC31E025AB5B6700C9F75B /* Content */,
				7DBC31D825AB202100C9F75B /* WalkthroughPageViewController.swift */,
				7DBC31DB25AB298400C9F75B /* WalkthroughViewController.swift */,
			);
			path = Walkthrough;
			sourceTree = "<group>";
		};
		7DBC31E025AB5B6700C9F75B /* Content */ = {
			isa = PBXGroup;
			children = (
				7D52282925AC8BF50053E58E /* WalkthroughContentViewController.swift */,
				7D0D5DFB25AB0D2300A5E004 /* WalkthroughFirstContentViewController.swift */,
				7DBC31E425AB5BC500C9F75B /* WalkthroughSecondContentViewController.swift */,
				7DBC31E725AB5BDB00C9F75B /* WalkthroughThirdContentViewController.swift */,
				7DBC31EA25AB5BEE00C9F75B /* WalkthroughFourthContentViewController.swift */,
			);
			path = Content;
			sourceTree = "<group>";
		};
		8BB43487DC43FA3AEEF4BDE6 /* Frameworks */ = {
			isa = PBXGroup;
			children = (
				4564A3F33594FEA54CB312BE /* Pods_Encore.framework */,
			);
			name = Frameworks;
			sourceTree = "<group>";
		};
/* End PBXGroup section */

/* Begin PBXNativeTarget section */
		7D00DC8B259474AF006965A8 /* Encore */ = {
			isa = PBXNativeTarget;
			buildConfigurationList = 7D00DCA0259474B1006965A8 /* Build configuration list for PBXNativeTarget "Encore" */;
			buildPhases = (
				A80F095EBF4D0939B6D273EE /* [CP] Check Pods Manifest.lock */,
				7D00DC88259474AF006965A8 /* Sources */,
				7D00DC89259474AF006965A8 /* Frameworks */,
				7D00DC8A259474AF006965A8 /* Resources */,
				8C8FE99D36C33227CB566092 /* [CP] Embed Pods Frameworks */,
			);
			buildRules = (
			);
			dependencies = (
			);
			name = Encore;
			productName = Encore;
			productReference = 7D00DC8C259474AF006965A8 /* Encore.app */;
			productType = "com.apple.product-type.application";
		};
/* End PBXNativeTarget section */

/* Begin PBXProject section */
		7D00DC84259474AF006965A8 /* Project object */ = {
			isa = PBXProject;
			attributes = {
				LastSwiftUpdateCheck = 1230;
				LastUpgradeCheck = 1230;
				TargetAttributes = {
					7D00DC8B259474AF006965A8 = {
						CreatedOnToolsVersion = 12.3;
					};
				};
			};
			buildConfigurationList = 7D00DC87259474AF006965A8 /* Build configuration list for PBXProject "Encore" */;
			compatibilityVersion = "Xcode 9.3";
			developmentRegion = en;
			hasScannedForEncodings = 0;
			knownRegions = (
				en,
				Base,
			);
			mainGroup = 7D00DC83259474AF006965A8;
			productRefGroup = 7D00DC8D259474AF006965A8 /* Products */;
			projectDirPath = "";
			projectRoot = "";
			targets = (
				7D00DC8B259474AF006965A8 /* Encore */,
			);
		};
/* End PBXProject section */

/* Begin PBXResourcesBuildPhase section */
		7D00DC8A259474AF006965A8 /* Resources */ = {
			isa = PBXResourcesBuildPhase;
			buildActionMask = 2147483647;
			files = (
				7D00DC9C259474B1006965A8 /* LaunchScreen.storyboard in Resources */,
				7DAD5B5E2596EC8700C902EE /* ScheduleCell.xib in Resources */,
				7D00DC99259474B1006965A8 /* Assets.xcassets in Resources */,
				7D0D5DF825AB083700A5E004 /* Walkthrough.storyboard in Resources */,
				7D00DC97259474AF006965A8 /* Main.storyboard in Resources */,
				7D68A728259728230073E5EE /* GoalCell.xib in Resources */,
			);
			runOnlyForDeploymentPostprocessing = 0;
		};
/* End PBXResourcesBuildPhase section */

/* Begin PBXShellScriptBuildPhase section */
		8C8FE99D36C33227CB566092 /* [CP] Embed Pods Frameworks */ = {
			isa = PBXShellScriptBuildPhase;
			buildActionMask = 2147483647;
			files = (
			);
			inputFileListPaths = (
				"${PODS_ROOT}/Target Support Files/Pods-Encore/Pods-Encore-frameworks-${CONFIGURATION}-input-files.xcfilelist",
			);
			name = "[CP] Embed Pods Frameworks";
			outputFileListPaths = (
				"${PODS_ROOT}/Target Support Files/Pods-Encore/Pods-Encore-frameworks-${CONFIGURATION}-output-files.xcfilelist",
			);
			runOnlyForDeploymentPostprocessing = 0;
			shellPath = /bin/sh;
			shellScript = "\"${PODS_ROOT}/Target Support Files/Pods-Encore/Pods-Encore-frameworks.sh\"\n";
			showEnvVarsInLog = 0;
		};
		A80F095EBF4D0939B6D273EE /* [CP] Check Pods Manifest.lock */ = {
			isa = PBXShellScriptBuildPhase;
			buildActionMask = 2147483647;
			files = (
			);
			inputFileListPaths = (
			);
			inputPaths = (
				"${PODS_PODFILE_DIR_PATH}/Podfile.lock",
				"${PODS_ROOT}/Manifest.lock",
			);
			name = "[CP] Check Pods Manifest.lock";
			outputFileListPaths = (
			);
			outputPaths = (
				"$(DERIVED_FILE_DIR)/Pods-Encore-checkManifestLockResult.txt",
			);
			runOnlyForDeploymentPostprocessing = 0;
			shellPath = /bin/sh;
			shellScript = "diff \"${PODS_PODFILE_DIR_PATH}/Podfile.lock\" \"${PODS_ROOT}/Manifest.lock\" > /dev/null\nif [ $? != 0 ] ; then\n    # print error to STDERR\n    echo \"error: The sandbox is not in sync with the Podfile.lock. Run 'pod install' or update your CocoaPods installation.\" >&2\n    exit 1\nfi\n# This output is used by Xcode 'outputs' to avoid re-running this script phase.\necho \"SUCCESS\" > \"${SCRIPT_OUTPUT_FILE_0}\"\n";
			showEnvVarsInLog = 0;
		};
/* End PBXShellScriptBuildPhase section */

/* Begin PBXSourcesBuildPhase section */
		7D00DC88259474AF006965A8 /* Sources */ = {
			isa = PBXSourcesBuildPhase;
			buildActionMask = 2147483647;
			files = (
				7D0D5DE525A9707300A5E004 /* UIViewController+Extension.swift in Sources */,
				7D68A73225987EA90073E5EE /* String+Extension.swift in Sources */,
				78E6F71B25E025D400648BB0 /* StrokeColorAnimation.swift in Sources */,
				7D68A71425970EA90073E5EE /* ModeButton.swift in Sources */,
				7DAD5B4C2594CF6300C902EE /* Session.swift in Sources */,
				7DBC31E825AB5BDB00C9F75B /* WalkthroughThirdContentViewController.swift in Sources */,
				78E4AFB025DAEADD000266EC /* AppStoreReviewManager.swift in Sources */,
				7D0D5DE825A977C300A5E004 /* SendFeedbackViewController.swift in Sources */,
				7838C57C25E57BCF00786E7A /* AnalyticsManager.swift in Sources */,
				7DBC31D925AB202100C9F75B /* WalkthroughPageViewController.swift in Sources */,
				7DCF0CE0259F391000FC25CB /* Int+Extension.swift in Sources */,
				7DA7860725AEAE6C0008DE05 /* ToolTipManager.swift in Sources */,
				7DBC31EB25AB5BEE00C9F75B /* WalkthroughFourthContentViewController.swift in Sources */,
				7D00DCB32594BDDB006965A8 /* PreparationViewController.swift in Sources */,
				7DAD5B522594D04D00C902EE /* EncoreBrain.swift in Sources */,
				7DCF0CDD259F0D1700FC25CB /* SessionViewController.swift in Sources */,
				7DA7860A25AECA520008DE05 /* Metrics.swift in Sources */,
				78E6F71825E0144400648BB0 /* RotationAnimation.swift in Sources */,
				7DBC31DC25AB298400C9F75B /* WalkthroughViewController.swift in Sources */,
				78E6F70E25DEF33800648BB0 /* CountdownViewController.swift in Sources */,
				7DAD5B4F2594CF8E00C902EE /* Stage.swift in Sources */,
				78E6F70325DEDCB500648BB0 /* ProgressView.swift in Sources */,
				7D68A71F259725AE0073E5EE /* InputGoalsViewController.swift in Sources */,
				7DCF0CE725A04FFB00FC25CB /* GoalsForDayViewController.swift in Sources */,
				7D00DC94259474AF006965A8 /* HomeViewController.swift in Sources */,
				7DAD5B582596E56E00C902EE /* Constants.swift in Sources */,
				7DCF0CE325A040B500FC25CB /* ScheduleViewController.swift in Sources */,
				7DAD5B5D2596EC8700C902EE /* ScheduleCell.swift in Sources */,
				78E6F71E25E02F7200648BB0 /* ScreenSizeManager.swift in Sources */,
				78E6F70925DEF15A00648BB0 /* StrokeAnimation.swift in Sources */,
				7DBC31E525AB5BC500C9F75B /* WalkthroughSecondContentViewController.swift in Sources */,
				7D00DCA825948057006965A8 /* EncoreButton.swift in Sources */,
				7D00DC90259474AF006965A8 /* AppDelegate.swift in Sources */,
				7D00DCAD259483FD006965A8 /* UIColor+Extension.swift in Sources */,
				7D0D5DEE25A9886B00A5E004 /* FeedbackTextView.swift in Sources */,
				7D0D5DFC25AB0D2300A5E004 /* WalkthroughFirstContentViewController.swift in Sources */,
				7D52282A25AC8BF50053E58E /* WalkthroughContentViewController.swift in Sources */,
				7DA4F81C25A49C6100FE8537 /* CongratulationsViewController.swift in Sources */,
				7DA4F82025A4B40000FE8537 /* GoalsReviewViewController.swift in Sources */,
				7D68A72F25972F830073E5EE /* Goal.swift in Sources */,
				7809950D25BF9BF800E539CA /* NotificationManager.swift in Sources */,
				7DA4F82425A5FC4100FE8537 /* MoreViewController.swift in Sources */,
				78E6F70625DEE6D800648BB0 /* ProgressShapeLayer.swift in Sources */,
				7D68A727259728230073E5EE /* GoalCell.swift in Sources */,
			);
			runOnlyForDeploymentPostprocessing = 0;
		};
/* End PBXSourcesBuildPhase section */

/* Begin PBXVariantGroup section */
		7D00DC95259474AF006965A8 /* Main.storyboard */ = {
			isa = PBXVariantGroup;
			children = (
				7D00DC96259474AF006965A8 /* Base */,
			);
			name = Main.storyboard;
			sourceTree = "<group>";
		};
		7D00DC9A259474B1006965A8 /* LaunchScreen.storyboard */ = {
			isa = PBXVariantGroup;
			children = (
				7D00DC9B259474B1006965A8 /* Base */,
			);
			name = LaunchScreen.storyboard;
			sourceTree = "<group>";
		};
/* End PBXVariantGroup section */

/* Begin XCBuildConfiguration section */
		7D00DC9E259474B1006965A8 /* Debug */ = {
			isa = XCBuildConfiguration;
			buildSettings = {
				ALWAYS_SEARCH_USER_PATHS = NO;
				CLANG_ANALYZER_NONNULL = YES;
				CLANG_ANALYZER_NUMBER_OBJECT_CONVERSION = YES_AGGRESSIVE;
				CLANG_CXX_LANGUAGE_STANDARD = "gnu++14";
				CLANG_CXX_LIBRARY = "libc++";
				CLANG_ENABLE_MODULES = YES;
				CLANG_ENABLE_OBJC_ARC = YES;
				CLANG_ENABLE_OBJC_WEAK = YES;
				CLANG_WARN_BLOCK_CAPTURE_AUTORELEASING = YES;
				CLANG_WARN_BOOL_CONVERSION = YES;
				CLANG_WARN_COMMA = YES;
				CLANG_WARN_CONSTANT_CONVERSION = YES;
				CLANG_WARN_DEPRECATED_OBJC_IMPLEMENTATIONS = YES;
				CLANG_WARN_DIRECT_OBJC_ISA_USAGE = YES_ERROR;
				CLANG_WARN_DOCUMENTATION_COMMENTS = YES;
				CLANG_WARN_EMPTY_BODY = YES;
				CLANG_WARN_ENUM_CONVERSION = YES;
				CLANG_WARN_INFINITE_RECURSION = YES;
				CLANG_WARN_INT_CONVERSION = YES;
				CLANG_WARN_NON_LITERAL_NULL_CONVERSION = YES;
				CLANG_WARN_OBJC_IMPLICIT_RETAIN_SELF = YES;
				CLANG_WARN_OBJC_LITERAL_CONVERSION = YES;
				CLANG_WARN_OBJC_ROOT_CLASS = YES_ERROR;
				CLANG_WARN_QUOTED_INCLUDE_IN_FRAMEWORK_HEADER = YES;
				CLANG_WARN_RANGE_LOOP_ANALYSIS = YES;
				CLANG_WARN_STRICT_PROTOTYPES = YES;
				CLANG_WARN_SUSPICIOUS_MOVE = YES;
				CLANG_WARN_UNGUARDED_AVAILABILITY = YES_AGGRESSIVE;
				CLANG_WARN_UNREACHABLE_CODE = YES;
				CLANG_WARN__DUPLICATE_METHOD_MATCH = YES;
				COPY_PHASE_STRIP = NO;
				DEBUG_INFORMATION_FORMAT = dwarf;
				ENABLE_STRICT_OBJC_MSGSEND = YES;
				ENABLE_TESTABILITY = YES;
				GCC_C_LANGUAGE_STANDARD = gnu11;
				GCC_DYNAMIC_NO_PIC = NO;
				GCC_NO_COMMON_BLOCKS = YES;
				GCC_OPTIMIZATION_LEVEL = 0;
				GCC_PREPROCESSOR_DEFINITIONS = (
					"DEBUG=1",
					"$(inherited)",
				);
				GCC_WARN_64_TO_32_BIT_CONVERSION = YES;
				GCC_WARN_ABOUT_RETURN_TYPE = YES_ERROR;
				GCC_WARN_UNDECLARED_SELECTOR = YES;
				GCC_WARN_UNINITIALIZED_AUTOS = YES_AGGRESSIVE;
				GCC_WARN_UNUSED_FUNCTION = YES;
				GCC_WARN_UNUSED_VARIABLE = YES;
				IPHONEOS_DEPLOYMENT_TARGET = 13.0;
				MTL_ENABLE_DEBUG_INFO = INCLUDE_SOURCE;
				MTL_FAST_MATH = YES;
				ONLY_ACTIVE_ARCH = YES;
				SDKROOT = iphoneos;
				SWIFT_ACTIVE_COMPILATION_CONDITIONS = DEBUG;
				SWIFT_OPTIMIZATION_LEVEL = "-Onone";
			};
			name = Debug;
		};
		7D00DC9F259474B1006965A8 /* Release */ = {
			isa = XCBuildConfiguration;
			buildSettings = {
				ALWAYS_SEARCH_USER_PATHS = NO;
				CLANG_ANALYZER_NONNULL = YES;
				CLANG_ANALYZER_NUMBER_OBJECT_CONVERSION = YES_AGGRESSIVE;
				CLANG_CXX_LANGUAGE_STANDARD = "gnu++14";
				CLANG_CXX_LIBRARY = "libc++";
				CLANG_ENABLE_MODULES = YES;
				CLANG_ENABLE_OBJC_ARC = YES;
				CLANG_ENABLE_OBJC_WEAK = YES;
				CLANG_WARN_BLOCK_CAPTURE_AUTORELEASING = YES;
				CLANG_WARN_BOOL_CONVERSION = YES;
				CLANG_WARN_COMMA = YES;
				CLANG_WARN_CONSTANT_CONVERSION = YES;
				CLANG_WARN_DEPRECATED_OBJC_IMPLEMENTATIONS = YES;
				CLANG_WARN_DIRECT_OBJC_ISA_USAGE = YES_ERROR;
				CLANG_WARN_DOCUMENTATION_COMMENTS = YES;
				CLANG_WARN_EMPTY_BODY = YES;
				CLANG_WARN_ENUM_CONVERSION = YES;
				CLANG_WARN_INFINITE_RECURSION = YES;
				CLANG_WARN_INT_CONVERSION = YES;
				CLANG_WARN_NON_LITERAL_NULL_CONVERSION = YES;
				CLANG_WARN_OBJC_IMPLICIT_RETAIN_SELF = YES;
				CLANG_WARN_OBJC_LITERAL_CONVERSION = YES;
				CLANG_WARN_OBJC_ROOT_CLASS = YES_ERROR;
				CLANG_WARN_QUOTED_INCLUDE_IN_FRAMEWORK_HEADER = YES;
				CLANG_WARN_RANGE_LOOP_ANALYSIS = YES;
				CLANG_WARN_STRICT_PROTOTYPES = YES;
				CLANG_WARN_SUSPICIOUS_MOVE = YES;
				CLANG_WARN_UNGUARDED_AVAILABILITY = YES_AGGRESSIVE;
				CLANG_WARN_UNREACHABLE_CODE = YES;
				CLANG_WARN__DUPLICATE_METHOD_MATCH = YES;
				COPY_PHASE_STRIP = NO;
				DEBUG_INFORMATION_FORMAT = "dwarf-with-dsym";
				ENABLE_NS_ASSERTIONS = NO;
				ENABLE_STRICT_OBJC_MSGSEND = YES;
				GCC_C_LANGUAGE_STANDARD = gnu11;
				GCC_NO_COMMON_BLOCKS = YES;
				GCC_WARN_64_TO_32_BIT_CONVERSION = YES;
				GCC_WARN_ABOUT_RETURN_TYPE = YES_ERROR;
				GCC_WARN_UNDECLARED_SELECTOR = YES;
				GCC_WARN_UNINITIALIZED_AUTOS = YES_AGGRESSIVE;
				GCC_WARN_UNUSED_FUNCTION = YES;
				GCC_WARN_UNUSED_VARIABLE = YES;
				IPHONEOS_DEPLOYMENT_TARGET = 13.0;
				MTL_ENABLE_DEBUG_INFO = NO;
				MTL_FAST_MATH = YES;
				SDKROOT = iphoneos;
				SWIFT_COMPILATION_MODE = wholemodule;
				SWIFT_OPTIMIZATION_LEVEL = "-O";
				VALIDATE_PRODUCT = YES;
			};
			name = Release;
		};
		7D00DCA1259474B1006965A8 /* Debug */ = {
			isa = XCBuildConfiguration;
			baseConfigurationReference = 70BA6D38B51870E966035059 /* Pods-Encore.debug.xcconfig */;
			buildSettings = {
				ASSETCATALOG_COMPILER_APPICON_NAME = AppIcon;
				ASSETCATALOG_COMPILER_GLOBAL_ACCENT_COLOR_NAME = AccentColor;
				CODE_SIGN_IDENTITY = "Apple Development";
				CODE_SIGN_STYLE = Automatic;
				CURRENT_PROJECT_VERSION = 8;
				DEVELOPMENT_TEAM = V4NCRG9QAS;
				"EXCLUDED_ARCHS[sdk=*]" = arm64;
				INFOPLIST_FILE = Encore/Info.plist;
				IPHONEOS_DEPLOYMENT_TARGET = 12.0;
				LD_RUNPATH_SEARCH_PATHS = (
					"$(inherited)",
					"@executable_path/Frameworks",
				);
				MARKETING_VERSION = 1.1;
				PRODUCT_BUNDLE_IDENTIFIER = com.katselenbogen.igor.encore;
				PRODUCT_NAME = "$(TARGET_NAME)";
				PROVISIONING_PROFILE_SPECIFIER = "";
				SWIFT_VERSION = 5.0;
				TARGETED_DEVICE_FAMILY = 1;
			};
			name = Debug;
		};
		7D00DCA2259474B1006965A8 /* Release */ = {
			isa = XCBuildConfiguration;
			baseConfigurationReference = 6A51103068078B69D5B768D7 /* Pods-Encore.release.xcconfig */;
			buildSettings = {
				ASSETCATALOG_COMPILER_APPICON_NAME = AppIcon;
				ASSETCATALOG_COMPILER_GLOBAL_ACCENT_COLOR_NAME = AccentColor;
				CODE_SIGN_IDENTITY = "Apple Development";
				CODE_SIGN_STYLE = Automatic;
				CURRENT_PROJECT_VERSION = 8;
				DEVELOPMENT_TEAM = V4NCRG9QAS;
				"EXCLUDED_ARCHS[sdk=*]" = arm64;
				INFOPLIST_FILE = Encore/Info.plist;
				IPHONEOS_DEPLOYMENT_TARGET = 12.0;
				LD_RUNPATH_SEARCH_PATHS = (
					"$(inherited)",
					"@executable_path/Frameworks",
				);
				MARKETING_VERSION = 1.1;
				PRODUCT_BUNDLE_IDENTIFIER = com.katselenbogen.igor.encore;
				PRODUCT_NAME = "$(TARGET_NAME)";
				PROVISIONING_PROFILE_SPECIFIER = "";
				SWIFT_VERSION = 5.0;
				TARGETED_DEVICE_FAMILY = 1;
			};
			name = Release;
		};
/* End XCBuildConfiguration section */

/* Begin XCConfigurationList section */
		7D00DC87259474AF006965A8 /* Build configuration list for PBXProject "Encore" */ = {
			isa = XCConfigurationList;
			buildConfigurations = (
				7D00DC9E259474B1006965A8 /* Debug */,
				7D00DC9F259474B1006965A8 /* Release */,
			);
			defaultConfigurationIsVisible = 0;
			defaultConfigurationName = Release;
		};
		7D00DCA0259474B1006965A8 /* Build configuration list for PBXNativeTarget "Encore" */ = {
			isa = XCConfigurationList;
			buildConfigurations = (
				7D00DCA1259474B1006965A8 /* Debug */,
				7D00DCA2259474B1006965A8 /* Release */,
			);
			defaultConfigurationIsVisible = 0;
			defaultConfigurationName = Release;
		};
/* End XCConfigurationList section */
	};
	rootObject = 7D00DC84259474AF006965A8 /* Project object */;
}
